
Microsoft Visual Studio Solution File, Format Version 12.00
# Visual Studio Version 16
VisualStudioVersion = 16.0.29920.165
MinimumVisualStudioVersion = 10.0.40219.1
Project("{9A19103F-16F7-4668-BE54-9A1E7A4F7556}") = "CLA.WebApp", "CLA\CLA.WebApp.csproj", "{7361B156-44DF-4645-83D9-012A7C9D0B7D}"
EndProject
Project("{9A19103F-16F7-4668-BE54-9A1E7A4F7556}") = "CLA.API", "CLA.API\CLA.API.csproj", "{261AA1BA-84A0-44E4-A1D1-5DCD24CBDEDB}"
EndProject
Project("{2150E333-8FDC-42A3-9474-1A3956D46DE8}") = "1. Application", "1. Application", "{E1E6895F-AD5D-43E0-93E9-9B6069DEB9B4}"
EndProject
Project("{2150E333-8FDC-42A3-9474-1A3956D46DE8}") = "3. Domain", "3. Domain", "{9830FE5F-228A-4E4B-9A31-418DA6931B39}"
EndProject
Project("{9A19103F-16F7-4668-BE54-9A1E7A4F7556}") = "CLA.Data", "CLA.Data\CLA.Data.csproj", "{E1D86699-7D08-4389-A064-0BA7307952F4}"
EndProject
Project("{2150E333-8FDC-42A3-9474-1A3956D46DE8}") = "2. Infrastructure", "2. Infrastructure", "{64D10584-5AF3-4820-BEFE-413BC5E2389B}"
EndProject
Project("{9A19103F-16F7-4668-BE54-9A1E7A4F7556}") = "CLA.Models", "CLA.Models\CLA.Models.csproj", "{2C8C8DCE-8633-4F98-AB71-D71CA265845C}"
EndProject
Project("{9A19103F-16F7-4668-BE54-9A1E7A4F7556}") = "CLA.Service", "CLA.Service\CLA.Service.csproj", "{7203C2CA-2C8C-4293-9D6D-469301703318}"
EndProject
Project("{9A19103F-16F7-4668-BE54-9A1E7A4F7556}") = "CLA.Config", "CLA.Config\CLA.Config.csproj", "{E2B76E4E-3906-4CBD-8E9D-9029A694454E}"
EndProject
Global
	GlobalSection(SolutionConfigurationPlatforms) = preSolution
		Debug|Any CPU = Debug|Any CPU
		Release|Any CPU = Release|Any CPU
	EndGlobalSection
	GlobalSection(ProjectConfigurationPlatforms) = postSolution
		{7361B156-44DF-4645-83D9-012A7C9D0B7D}.Debug|Any CPU.ActiveCfg = Debug|Any CPU
		{7361B156-44DF-4645-83D9-012A7C9D0B7D}.Debug|Any CPU.Build.0 = Debug|Any CPU
		{7361B156-44DF-4645-83D9-012A7C9D0B7D}.Release|Any CPU.ActiveCfg = Release|Any CPU
		{7361B156-44DF-4645-83D9-012A7C9D0B7D}.Release|Any CPU.Build.0 = Release|Any CPU
		{261AA1BA-84A0-44E4-A1D1-5DCD24CBDEDB}.Debug|Any CPU.ActiveCfg = Debug|Any CPU
		{261AA1BA-84A0-44E4-A1D1-5DCD24CBDEDB}.Debug|Any CPU.Build.0 = Debug|Any CPU
		{261AA1BA-84A0-44E4-A1D1-5DCD24CBDEDB}.Release|Any CPU.ActiveCfg = Release|Any CPU
		{261AA1BA-84A0-44E4-A1D1-5DCD24CBDEDB}.Release|Any CPU.Build.0 = Release|Any CPU
		{E1D86699-7D08-4389-A064-0BA7307952F4}.Debug|Any CPU.ActiveCfg = Debug|Any CPU
		{E1D86699-7D08-4389-A064-0BA7307952F4}.Debug|Any CPU.Build.0 = Debug|Any CPU
		{E1D86699-7D08-4389-A064-0BA7307952F4}.Release|Any CPU.ActiveCfg = Release|Any CPU
		{E1D86699-7D08-4389-A064-0BA7307952F4}.Release|Any CPU.Build.0 = Release|Any CPU
		{2C8C8DCE-8633-4F98-AB71-D71CA265845C}.Debug|Any CPU.ActiveCfg = Debug|Any CPU
		{2C8C8DCE-8633-4F98-AB71-D71CA265845C}.Debug|Any CPU.Build.0 = Debug|Any CPU
		{2C8C8DCE-8633-4F98-AB71-D71CA265845C}.Release|Any CPU.ActiveCfg = Release|Any CPU
		{2C8C8DCE-8633-4F98-AB71-D71CA265845C}.Release|Any CPU.Build.0 = Release|Any CPU
		{7203C2CA-2C8C-4293-9D6D-469301703318}.Debug|Any CPU.ActiveCfg = Debug|Any CPU
		{7203C2CA-2C8C-4293-9D6D-469301703318}.Debug|Any CPU.Build.0 = Debug|Any CPU
		{7203C2CA-2C8C-4293-9D6D-469301703318}.Release|Any CPU.ActiveCfg = Release|Any CPU
		{7203C2CA-2C8C-4293-9D6D-469301703318}.Release|Any CPU.Build.0 = Release|Any CPU
		{E2B76E4E-3906-4CBD-8E9D-9029A694454E}.Debug|Any CPU.ActiveCfg = Debug|Any CPU
		{E2B76E4E-3906-4CBD-8E9D-9029A694454E}.Debug|Any CPU.Build.0 = Debug|Any CPU
		{E2B76E4E-3906-4CBD-8E9D-9029A694454E}.Release|Any CPU.ActiveCfg = Release|Any CPU
		{E2B76E4E-3906-4CBD-8E9D-9029A694454E}.Release|Any CPU.Build.0 = Release|Any CPU
	EndGlobalSection
	GlobalSection(SolutionProperties) = preSolution
		HideSolutionNode = FALSE
	EndGlobalSection
	GlobalSection(NestedProjects) = preSolution
		{7361B156-44DF-4645-83D9-012A7C9D0B7D} = {E1E6895F-AD5D-43E0-93E9-9B6069DEB9B4}
		{261AA1BA-84A0-44E4-A1D1-5DCD24CBDEDB} = {E1E6895F-AD5D-43E0-93E9-9B6069DEB9B4}
		{E1D86699-7D08-4389-A064-0BA7307952F4} = {9830FE5F-228A-4E4B-9A31-418DA6931B39}
		{2C8C8DCE-8633-4F98-AB71-D71CA265845C} = {64D10584-5AF3-4820-BEFE-413BC5E2389B}
		{7203C2CA-2C8C-4293-9D6D-469301703318} = {9830FE5F-228A-4E4B-9A31-418DA6931B39}
		{E2B76E4E-3906-4CBD-8E9D-9029A694454E} = {64D10584-5AF3-4820-BEFE-413BC5E2389B}
	EndGlobalSection
	GlobalSection(ExtensibilityGlobals) = postSolution
		SolutionGuid = {59FFD357-9BE9-49B9-8C39-936ECFE42D78}
	EndGlobalSection
EndGlobal
